
Microsoft Visual Studio Solution File, Format Version 12.00
# Visual Studio Version 16
VisualStudioVersion = 16.0.30114.105
MinimumVisualStudioVersion = 10.0.40219.1
Project("{FAE04EC0-301F-11D3-BF4B-00C04F79EFBC}") = "Semana3_-_Ejercicios", "Semana3_-_Ejercicios\Semana3_-_Ejercicios.csproj", "{707E22EB-7587-4F67-91A9-BF938634D5B4}"
EndProject
Global
	GlobalSection(SolutionConfigurationPlatforms) = preSolution
		Debug|Any CPU = Debug|Any CPU
		Release|Any CPU = Release|Any CPU
	EndGlobalSection
	GlobalSection(ProjectConfigurationPlatforms) = postSolution
		{707E22EB-7587-4F67-91A9-BF938634D5B4}.Debug|Any CPU.ActiveCfg = Debug|Any CPU
		{707E22EB-7587-4F67-91A9-BF938634D5B4}.Debug|Any CPU.Build.0 = Debug|Any CPU
		{707E22EB-7587-4F67-91A9-BF938634D5B4}.Release|Any CPU.ActiveCfg = Release|Any CPU
		{707E22EB-7587-4F67-91A9-BF938634D5B4}.Release|Any CPU.Build.0 = Release|Any CPU
	EndGlobalSection
	GlobalSection(SolutionProperties) = preSolution
		HideSolutionNode = FALSE
	EndGlobalSection
	GlobalSection(ExtensibilityGlobals) = postSolution
		SolutionGuid = {DE3C1042-A64A-4CD1-B6D3-BC56A34C73F6}
	EndGlobalSection
EndGlobal
