
Microsoft Visual Studio Solution File, Format Version 12.00
# Visual Studio Version 16
VisualStudioVersion = 16.0.30114.105
MinimumVisualStudioVersion = 10.0.40219.1
Project("{FAE04EC0-301F-11D3-BF4B-00C04F79EFBC}") = "Semana3_-_Ejercicio02-DemoModClase", "Semana3_-_Ejercicio02-DemoModClase\Semana3_-_Ejercicio02-DemoModClase.csproj", "{24A9F7D7-8200-46BE-802C-9C24DF166552}"
EndProject
Global
	GlobalSection(SolutionConfigurationPlatforms) = preSolution
		Debug|Any CPU = Debug|Any CPU
		Release|Any CPU = Release|Any CPU
	EndGlobalSection
	GlobalSection(ProjectConfigurationPlatforms) = postSolution
		{24A9F7D7-8200-46BE-802C-9C24DF166552}.Debug|Any CPU.ActiveCfg = Debug|Any CPU
		{24A9F7D7-8200-46BE-802C-9C24DF166552}.Debug|Any CPU.Build.0 = Debug|Any CPU
		{24A9F7D7-8200-46BE-802C-9C24DF166552}.Release|Any CPU.ActiveCfg = Release|Any CPU
		{24A9F7D7-8200-46BE-802C-9C24DF166552}.Release|Any CPU.Build.0 = Release|Any CPU
	EndGlobalSection
	GlobalSection(SolutionProperties) = preSolution
		HideSolutionNode = FALSE
	EndGlobalSection
	GlobalSection(ExtensibilityGlobals) = postSolution
		SolutionGuid = {80FD0D18-F094-47CE-9AB2-2EA2727E7B4A}
	EndGlobalSection
EndGlobal
