
Microsoft Visual Studio Solution File, Format Version 12.00
# Visual Studio Version 16
VisualStudioVersion = 16.0.31129.286
MinimumVisualStudioVersion = 10.0.40219.1
Project("{FAE04EC0-301F-11D3-BF4B-00C04F79EFBC}") = "ProyectoFinal.Android", "ProyectoFinal\ProyectoFinal.Android\ProyectoFinal.Android.csproj", "{02E306C6-B25F-4649-8947-CFAB00860756}"
EndProject
Project("{FAE04EC0-301F-11D3-BF4B-00C04F79EFBC}") = "ProyectoFinal.iOS", "ProyectoFinal\ProyectoFinal.iOS\ProyectoFinal.iOS.csproj", "{75F6DBA6-4767-4F80-9E40-2ACEC04D7E46}"
EndProject
Project("{9A19103F-16F7-4668-BE54-9A1E7A4F7556}") = "ProyectoFinal", "ProyectoFinal\ProyectoFinal\ProyectoFinal.csproj", "{BC3A7F00-AB0F-4BD9-87C0-461E71366A84}"
EndProject
Global
	GlobalSection(SolutionConfigurationPlatforms) = preSolution
		Debug|Any CPU = Debug|Any CPU
		Debug|iPhone = Debug|iPhone
		Debug|iPhoneSimulator = Debug|iPhoneSimulator
		Release|Any CPU = Release|Any CPU
		Release|iPhone = Release|iPhone
		Release|iPhoneSimulator = Release|iPhoneSimulator
	EndGlobalSection
	GlobalSection(ProjectConfigurationPlatforms) = postSolution
		{02E306C6-B25F-4649-8947-CFAB00860756}.Debug|Any CPU.ActiveCfg = Debug|Any CPU
		{02E306C6-B25F-4649-8947-CFAB00860756}.Debug|Any CPU.Build.0 = Debug|Any CPU
		{02E306C6-B25F-4649-8947-CFAB00860756}.Debug|Any CPU.Deploy.0 = Debug|Any CPU
		{02E306C6-B25F-4649-8947-CFAB00860756}.Debug|iPhone.ActiveCfg = Debug|Any CPU
		{02E306C6-B25F-4649-8947-CFAB00860756}.Debug|iPhone.Build.0 = Debug|Any CPU
		{02E306C6-B25F-4649-8947-CFAB00860756}.Debug|iPhone.Deploy.0 = Debug|Any CPU
		{02E306C6-B25F-4649-8947-CFAB00860756}.Debug|iPhoneSimulator.ActiveCfg = Debug|Any CPU
		{02E306C6-B25F-4649-8947-CFAB00860756}.Debug|iPhoneSimulator.Build.0 = Debug|Any CPU
		{02E306C6-B25F-4649-8947-CFAB00860756}.Debug|iPhoneSimulator.Deploy.0 = Debug|Any CPU
		{02E306C6-B25F-4649-8947-CFAB00860756}.Release|Any CPU.ActiveCfg = Release|Any CPU
		{02E306C6-B25F-4649-8947-CFAB00860756}.Release|Any CPU.Build.0 = Release|Any CPU
		{02E306C6-B25F-4649-8947-CFAB00860756}.Release|Any CPU.Deploy.0 = Release|Any CPU
		{02E306C6-B25F-4649-8947-CFAB00860756}.Release|iPhone.ActiveCfg = Release|Any CPU
		{02E306C6-B25F-4649-8947-CFAB00860756}.Release|iPhone.Build.0 = Release|Any CPU
		{02E306C6-B25F-4649-8947-CFAB00860756}.Release|iPhone.Deploy.0 = Release|Any CPU
		{02E306C6-B25F-4649-8947-CFAB00860756}.Release|iPhoneSimulator.ActiveCfg = Release|Any CPU
		{02E306C6-B25F-4649-8947-CFAB00860756}.Release|iPhoneSimulator.Build.0 = Release|Any CPU
		{02E306C6-B25F-4649-8947-CFAB00860756}.Release|iPhoneSimulator.Deploy.0 = Release|Any CPU
		{75F6DBA6-4767-4F80-9E40-2ACEC04D7E46}.Debug|Any CPU.ActiveCfg = Debug|iPhone
		{75F6DBA6-4767-4F80-9E40-2ACEC04D7E46}.Debug|Any CPU.Build.0 = Debug|iPhone
		{75F6DBA6-4767-4F80-9E40-2ACEC04D7E46}.Debug|Any CPU.Deploy.0 = Debug|iPhone
		{75F6DBA6-4767-4F80-9E40-2ACEC04D7E46}.Debug|iPhone.ActiveCfg = Debug|iPhone
		{75F6DBA6-4767-4F80-9E40-2ACEC04D7E46}.Debug|iPhone.Build.0 = Debug|iPhone
		{75F6DBA6-4767-4F80-9E40-2ACEC04D7E46}.Debug|iPhone.Deploy.0 = Debug|iPhone
		{75F6DBA6-4767-4F80-9E40-2ACEC04D7E46}.Debug|iPhoneSimulator.ActiveCfg = Debug|iPhoneSimulator
		{75F6DBA6-4767-4F80-9E40-2ACEC04D7E46}.Debug|iPhoneSimulator.Build.0 = Debug|iPhoneSimulator
		{75F6DBA6-4767-4F80-9E40-2ACEC04D7E46}.Debug|iPhoneSimulator.Deploy.0 = Debug|iPhoneSimulator
		{75F6DBA6-4767-4F80-9E40-2ACEC04D7E46}.Release|Any CPU.ActiveCfg = Release|iPhoneSimulator
		{75F6DBA6-4767-4F80-9E40-2ACEC04D7E46}.Release|Any CPU.Build.0 = Release|iPhoneSimulator
		{75F6DBA6-4767-4F80-9E40-2ACEC04D7E46}.Release|Any CPU.Deploy.0 = Release|iPhoneSimulator
		{75F6DBA6-4767-4F80-9E40-2ACEC04D7E46}.Release|iPhone.ActiveCfg = Release|iPhone
		{75F6DBA6-4767-4F80-9E40-2ACEC04D7E46}.Release|iPhone.Build.0 = Release|iPhone
		{75F6DBA6-4767-4F80-9E40-2ACEC04D7E46}.Release|iPhone.Deploy.0 = Release|iPhone
		{75F6DBA6-4767-4F80-9E40-2ACEC04D7E46}.Release|iPhoneSimulator.ActiveCfg = Release|iPhoneSimulator
		{75F6DBA6-4767-4F80-9E40-2ACEC04D7E46}.Release|iPhoneSimulator.Build.0 = Release|iPhoneSimulator
		{75F6DBA6-4767-4F80-9E40-2ACEC04D7E46}.Release|iPhoneSimulator.Deploy.0 = Release|iPhoneSimulator
		{BC3A7F00-AB0F-4BD9-87C0-461E71366A84}.Debug|Any CPU.ActiveCfg = Debug|Any CPU
		{BC3A7F00-AB0F-4BD9-87C0-461E71366A84}.Debug|Any CPU.Build.0 = Debug|Any CPU
		{BC3A7F00-AB0F-4BD9-87C0-461E71366A84}.Debug|Any CPU.Deploy.0 = Debug|Any CPU
		{BC3A7F00-AB0F-4BD9-87C0-461E71366A84}.Debug|iPhone.ActiveCfg = Debug|Any CPU
		{BC3A7F00-AB0F-4BD9-87C0-461E71366A84}.Debug|iPhone.Build.0 = Debug|Any CPU
		{BC3A7F00-AB0F-4BD9-87C0-461E71366A84}.Debug|iPhone.Deploy.0 = Debug|Any CPU
		{BC3A7F00-AB0F-4BD9-87C0-461E71366A84}.Debug|iPhoneSimulator.ActiveCfg = Debug|Any CPU
		{BC3A7F00-AB0F-4BD9-87C0-461E71366A84}.Debug|iPhoneSimulator.Build.0 = Debug|Any CPU
		{BC3A7F00-AB0F-4BD9-87C0-461E71366A84}.Debug|iPhoneSimulator.Deploy.0 = Debug|Any CPU
		{BC3A7F00-AB0F-4BD9-87C0-461E71366A84}.Release|Any CPU.ActiveCfg = Release|Any CPU
		{BC3A7F00-AB0F-4BD9-87C0-461E71366A84}.Release|Any CPU.Build.0 = Release|Any CPU
		{BC3A7F00-AB0F-4BD9-87C0-461E71366A84}.Release|Any CPU.Deploy.0 = Release|Any CPU
		{BC3A7F00-AB0F-4BD9-87C0-461E71366A84}.Release|iPhone.ActiveCfg = Release|Any CPU
		{BC3A7F00-AB0F-4BD9-87C0-461E71366A84}.Release|iPhone.Build.0 = Release|Any CPU
		{BC3A7F00-AB0F-4BD9-87C0-461E71366A84}.Release|iPhone.Deploy.0 = Release|Any CPU
		{BC3A7F00-AB0F-4BD9-87C0-461E71366A84}.Release|iPhoneSimulator.ActiveCfg = Release|Any CPU
		{BC3A7F00-AB0F-4BD9-87C0-461E71366A84}.Release|iPhoneSimulator.Build.0 = Release|Any CPU
		{BC3A7F00-AB0F-4BD9-87C0-461E71366A84}.Release|iPhoneSimulator.Deploy.0 = Release|Any CPU
	EndGlobalSection
	GlobalSection(SolutionProperties) = preSolution
		HideSolutionNode = FALSE
	EndGlobalSection
	GlobalSection(ExtensibilityGlobals) = postSolution
		SolutionGuid = {7F62C792-4ABA-4BA6-B611-BF96691CD5ED}
	EndGlobalSection
EndGlobal
