
Microsoft Visual Studio Solution File, Format Version 12.00
# Visual Studio Version 16
VisualStudioVersion = 16.0.808.0
MinimumVisualStudioVersion = 10.0.40219.1
Project("{FAE04EC0-301F-11D3-BF4B-00C04F79EFBC}") = "wk09", "wk09\wk09.csproj", "{831BB427-A8DA-47BD-ACC3-1D0C9D5DF4E2}"
EndProject
Global
	GlobalSection(SolutionConfigurationPlatforms) = preSolution
		Debug|Any CPU = Debug|Any CPU
		Release|Any CPU = Release|Any CPU
	EndGlobalSection
	GlobalSection(ProjectConfigurationPlatforms) = postSolution
		{831BB427-A8DA-47BD-ACC3-1D0C9D5DF4E2}.Debug|Any CPU.ActiveCfg = Debug|Any CPU
		{831BB427-A8DA-47BD-ACC3-1D0C9D5DF4E2}.Debug|Any CPU.Build.0 = Debug|Any CPU
		{831BB427-A8DA-47BD-ACC3-1D0C9D5DF4E2}.Release|Any CPU.ActiveCfg = Release|Any CPU
		{831BB427-A8DA-47BD-ACC3-1D0C9D5DF4E2}.Release|Any CPU.Build.0 = Release|Any CPU
	EndGlobalSection
	GlobalSection(SolutionProperties) = preSolution
		HideSolutionNode = FALSE
	EndGlobalSection
	GlobalSection(ExtensibilityGlobals) = postSolution
		SolutionGuid = {BE522395-4D46-4D1F-813B-ACBB5F8BE865}
	EndGlobalSection
EndGlobal
