
Microsoft Visual Studio Solution File, Format Version 12.00
# Visual Studio Version 16
VisualStudioVersion = 16.0.31005.135
MinimumVisualStudioVersion = 10.0.40219.1
Project("{FAE04EC0-301F-11D3-BF4B-00C04F79EFBC}") = "Laboratorio2", "Laboratorio2\Laboratorio2.csproj", "{1AACD84F-4AB3-4A62-B55D-98341F3A549B}"
EndProject
Global
	GlobalSection(SolutionConfigurationPlatforms) = preSolution
		Debug|Any CPU = Debug|Any CPU
		Release|Any CPU = Release|Any CPU
	EndGlobalSection
	GlobalSection(ProjectConfigurationPlatforms) = postSolution
		{1AACD84F-4AB3-4A62-B55D-98341F3A549B}.Debug|Any CPU.ActiveCfg = Debug|Any CPU
		{1AACD84F-4AB3-4A62-B55D-98341F3A549B}.Debug|Any CPU.Build.0 = Debug|Any CPU
		{1AACD84F-4AB3-4A62-B55D-98341F3A549B}.Release|Any CPU.ActiveCfg = Release|Any CPU
		{1AACD84F-4AB3-4A62-B55D-98341F3A549B}.Release|Any CPU.Build.0 = Release|Any CPU
	EndGlobalSection
	GlobalSection(SolutionProperties) = preSolution
		HideSolutionNode = FALSE
	EndGlobalSection
	GlobalSection(ExtensibilityGlobals) = postSolution
		SolutionGuid = {E5FEDC6D-9CF7-428D-A27D-763E849B9C8C}
	EndGlobalSection
EndGlobal
