
Microsoft Visual Studio Solution File, Format Version 12.00
# Visual Studio Version 16
VisualStudioVersion = 16.0.30011.22
MinimumVisualStudioVersion = 10.0.40219.1
Project("{FAE04EC0-301F-11D3-BF4B-00C04F79EFBC}") = "Semana2_-_Taller", "RogerJoseUlateRivera_-_App-Composicion\Semana2_-_Taller.csproj", "{70360CA0-51CA-44C1-A52E-19CCB4809881}"
EndProject
Global
	GlobalSection(SolutionConfigurationPlatforms) = preSolution
		Debug|Any CPU = Debug|Any CPU
		Release|Any CPU = Release|Any CPU
	EndGlobalSection
	GlobalSection(ProjectConfigurationPlatforms) = postSolution
		{70360CA0-51CA-44C1-A52E-19CCB4809881}.Debug|Any CPU.ActiveCfg = Debug|Any CPU
		{70360CA0-51CA-44C1-A52E-19CCB4809881}.Debug|Any CPU.Build.0 = Debug|Any CPU
		{70360CA0-51CA-44C1-A52E-19CCB4809881}.Release|Any CPU.ActiveCfg = Release|Any CPU
		{70360CA0-51CA-44C1-A52E-19CCB4809881}.Release|Any CPU.Build.0 = Release|Any CPU
	EndGlobalSection
	GlobalSection(SolutionProperties) = preSolution
		HideSolutionNode = FALSE
	EndGlobalSection
	GlobalSection(ExtensibilityGlobals) = postSolution
		SolutionGuid = {4DFCF984-A7DB-49D5-B6A4-8995767A1E48}
	EndGlobalSection
EndGlobal
