
Microsoft Visual Studio Solution File, Format Version 12.00
# Visual Studio Version 16
VisualStudioVersion = 16.0.30225.117
MinimumVisualStudioVersion = 10.0.40219.1
Project("{FAE04EC0-301F-11D3-BF4B-00C04F79EFBC}") = "Semana9_-_TeoriaDePatrones_Singleton", "Semana9_-_TeoriaDePatrones_Singleton\Semana9_-_TeoriaDePatrones_Singleton.csproj", "{29220B13-FAA2-4B7F-B4FF-4AC6FFA81BE3}"
EndProject
Global
	GlobalSection(SolutionConfigurationPlatforms) = preSolution
		Debug|Any CPU = Debug|Any CPU
		Release|Any CPU = Release|Any CPU
	EndGlobalSection
	GlobalSection(ProjectConfigurationPlatforms) = postSolution
		{29220B13-FAA2-4B7F-B4FF-4AC6FFA81BE3}.Debug|Any CPU.ActiveCfg = Debug|Any CPU
		{29220B13-FAA2-4B7F-B4FF-4AC6FFA81BE3}.Debug|Any CPU.Build.0 = Debug|Any CPU
		{29220B13-FAA2-4B7F-B4FF-4AC6FFA81BE3}.Release|Any CPU.ActiveCfg = Release|Any CPU
		{29220B13-FAA2-4B7F-B4FF-4AC6FFA81BE3}.Release|Any CPU.Build.0 = Release|Any CPU
	EndGlobalSection
	GlobalSection(SolutionProperties) = preSolution
		HideSolutionNode = FALSE
	EndGlobalSection
	GlobalSection(ExtensibilityGlobals) = postSolution
		SolutionGuid = {3C308D67-6170-453C-AC97-173E18A416E8}
	EndGlobalSection
EndGlobal
