
Microsoft Visual Studio Solution File, Format Version 12.00
# Visual Studio Version 16
VisualStudioVersion = 16.0.30128.74
MinimumVisualStudioVersion = 10.0.40219.1
Project("{FAE04EC0-301F-11D3-BF4B-00C04F79EFBC}") = "Foro_-_Tarea4", "RogerJoseUlateRivera_-_ForoTarea4\Foro_-_Tarea4.csproj", "{BE47FEFE-0DCC-4FC9-B8B6-BE04DD9AD12D}"
EndProject
Global
	GlobalSection(SolutionConfigurationPlatforms) = preSolution
		Debug|Any CPU = Debug|Any CPU
		Release|Any CPU = Release|Any CPU
	EndGlobalSection
	GlobalSection(ProjectConfigurationPlatforms) = postSolution
		{BE47FEFE-0DCC-4FC9-B8B6-BE04DD9AD12D}.Debug|Any CPU.ActiveCfg = Debug|Any CPU
		{BE47FEFE-0DCC-4FC9-B8B6-BE04DD9AD12D}.Debug|Any CPU.Build.0 = Debug|Any CPU
		{BE47FEFE-0DCC-4FC9-B8B6-BE04DD9AD12D}.Release|Any CPU.ActiveCfg = Release|Any CPU
		{BE47FEFE-0DCC-4FC9-B8B6-BE04DD9AD12D}.Release|Any CPU.Build.0 = Release|Any CPU
	EndGlobalSection
	GlobalSection(SolutionProperties) = preSolution
		HideSolutionNode = FALSE
	EndGlobalSection
	GlobalSection(ExtensibilityGlobals) = postSolution
		SolutionGuid = {239BE51D-3826-48DF-8ACD-06E951590461}
	EndGlobalSection
EndGlobal
